// !$*UTF8*$!
{
	archiveVersion = 1;
	classes = {
	};
	objectVersion = 50;
	objects = {

/* Begin PBXBuildFile section */
		BD81B013218051E400C3DFD3 /* AppDelegate.swift in Sources */ = {isa = PBXBuildFile; fileRef = BD81B012218051E400C3DFD3 /* AppDelegate.swift */; };
		BD81B015218051E400C3DFD3 /* ViewController.swift in Sources */ = {isa = PBXBuildFile; fileRef = BD81B014218051E400C3DFD3 /* ViewController.swift */; };
		BD81B018218051E400C3DFD3 /* Main.storyboard in Resources */ = {isa = PBXBuildFile; fileRef = BD81B016218051E400C3DFD3 /* Main.storyboard */; };
		BD81B01A218051E600C3DFD3 /* Assets.xcassets in Resources */ = {isa = PBXBuildFile; fileRef = BD81B019218051E600C3DFD3 /* Assets.xcassets */; };
		BD81B01D218051E600C3DFD3 /* LaunchScreen.storyboard in Resources */ = {isa = PBXBuildFile; fileRef = BD81B01B218051E600C3DFD3 /* LaunchScreen.storyboard */; };
		BD81B028218051E600C3DFD3 /* TNP3Tests.swift in Sources */ = {isa = PBXBuildFile; fileRef = BD81B027218051E600C3DFD3 /* TNP3Tests.swift */; };
		BD81B033218051E600C3DFD3 /* TNP3UITests.swift in Sources */ = {isa = PBXBuildFile; fileRef = BD81B032218051E600C3DFD3 /* TNP3UITests.swift */; };
/* End PBXBuildFile section */

/* Begin PBXContainerItemProxy section */
		BD81B024218051E600C3DFD3 /* PBXContainerItemProxy */ = {
			isa = PBXContainerItemProxy;
			containerPortal = BD81B007218051E400C3DFD3 /* Project object */;
			proxyType = 1;
			remoteGlobalIDString = BD81B00E218051E400C3DFD3;
			remoteInfo = TNP3;
		};
		BD81B02F218051E600C3DFD3 /* PBXContainerItemProxy */ = {
			isa = PBXContainerItemProxy;
			containerPortal = BD81B007218051E400C3DFD3 /* Project object */;
			proxyType = 1;
			remoteGlobalIDString = BD81B00E218051E400C3DFD3;
			remoteInfo = TNP3;
		};
/* End PBXContainerItemProxy section */

/* Begin PBXFileReference section */
		BD81B00F218051E400C3DFD3 /* TNP3.app */ = {isa = PBXFileReference; explicitFileType = wrapper.application; includeInIndex = 0; path = TNP3.app; sourceTree = BUILT_PRODUCTS_DIR; };
		BD81B012218051E400C3DFD3 /* AppDelegate.swift */ = {isa = PBXFileReference; lastKnownFileType = sourcecode.swift; path = AppDelegate.swift; sourceTree = "<group>"; };
		BD81B014218051E400C3DFD3 /* ViewController.swift */ = {isa = PBXFileReference; lastKnownFileType = sourcecode.swift; path = ViewController.swift; sourceTree = "<group>"; };
		BD81B017218051E400C3DFD3 /* Base */ = {isa = PBXFileReference; lastKnownFileType = file.storyboard; name = Base; path = Base.lproj/Main.storyboard; sourceTree = "<group>"; };
		BD81B019218051E600C3DFD3 /* Assets.xcassets */ = {isa = PBXFileReference; lastKnownFileType = folder.assetcatalog; path = Assets.xcassets; sourceTree = "<group>"; };
		BD81B01C218051E600C3DFD3 /* Base */ = {isa = PBXFileReference; lastKnownFileType = file.storyboard; name = Base; path = Base.lproj/LaunchScreen.storyboard; sourceTree = "<group>"; };
		BD81B01E218051E600C3DFD3 /* Info.plist */ = {isa = PBXFileReference; lastKnownFileType = text.plist.xml; path = Info.plist; sourceTree = "<group>"; };
		BD81B023218051E600C3DFD3 /* TNP3Tests.xctest */ = {isa = PBXFileReference; explicitFileType = wrapper.cfbundle; includeInIndex = 0; path = TNP3Tests.xctest; sourceTree = BUILT_PRODUCTS_DIR; };
		BD81B027218051E600C3DFD3 /* TNP3Tests.swift */ = {isa = PBXFileReference; lastKnownFileType = sourcecode.swift; path = TNP3Tests.swift; sourceTree = "<group>"; };
		BD81B029218051E600C3DFD3 /* Info.plist */ = {isa = PBXFileReference; lastKnownFileType = text.plist.xml; path = Info.plist; sourceTree = "<group>"; };
		BD81B02E218051E600C3DFD3 /* TNP3UITests.xctest */ = {isa = PBXFileReference; explicitFileType = wrapper.cfbundle; includeInIndex = 0; path = TNP3UITests.xctest; sourceTree = BUILT_PRODUCTS_DIR; };
		BD81B032218051E600C3DFD3 /* TNP3UITests.swift */ = {isa = PBXFileReference; lastKnownFileType = sourcecode.swift; path = TNP3UITests.swift; sourceTree = "<group>"; };
		BD81B034218051E600C3DFD3 /* Info.plist */ = {isa = PBXFileReference; lastKnownFileType = text.plist.xml; path = Info.plist; sourceTree = "<group>"; };
/* End PBXFileReference section */

/* Begin PBXFrameworksBuildPhase section */
		BD81B00C218051E400C3DFD3 /* Frameworks */ = {
			isa = PBXFrameworksBuildPhase;
			buildActionMask = 2147483647;
			files = (
			);
			runOnlyForDeploymentPostprocessing = 0;
		};
		BD81B020218051E600C3DFD3 /* Frameworks */ = {
			isa = PBXFrameworksBuildPhase;
			buildActionMask = 2147483647;
			files = (
			);
			runOnlyForDeploymentPostprocessing = 0;
		};
		BD81B02B218051E600C3DFD3 /* Frameworks */ = {
			isa = PBXFrameworksBuildPhase;
			buildActionMask = 2147483647;
			files = (
			);
			runOnlyForDeploymentPostprocessing = 0;
		};
/* End PBXFrameworksBuildPhase section */

/* Begin PBXGroup section */
		BD81B006218051E400C3DFD3 = {
			isa = PBXGroup;
			children = (
				BD81B011218051E400C3DFD3 /* TNP3 */,
				BD81B026218051E600C3DFD3 /* TNP3Tests */,
				BD81B031218051E600C3DFD3 /* TNP3UITests */,
				BD81B010218051E400C3DFD3 /* Products */,
			);
			sourceTree = "<group>";
		};
		BD81B010218051E400C3DFD3 /* Products */ = {
			isa = PBXGroup;
			children = (
				BD81B00F218051E400C3DFD3 /* TNP3.app */,
				BD81B023218051E600C3DFD3 /* TNP3Tests.xctest */,
				BD81B02E218051E600C3DFD3 /* TNP3UITests.xctest */,
			);
			name = Products;
			sourceTree = "<group>";
		};
		BD81B011218051E400C3DFD3 /* TNP3 */ = {
			isa = PBXGroup;
			children = (
				BD81B012218051E400C3DFD3 /* AppDelegate.swift */,
				BD81B014218051E400C3DFD3 /* ViewController.swift */,
				BD81B016218051E400C3DFD3 /* Main.storyboard */,
				BD81B019218051E600C3DFD3 /* Assets.xcassets */,
				BD81B01B218051E600C3DFD3 /* LaunchScreen.storyboard */,
				BD81B01E218051E600C3DFD3 /* Info.plist */,
			);
			path = TNP3;
			sourceTree = "<group>";
		};
		BD81B026218051E600C3DFD3 /* TNP3Tests */ = {
			isa = PBXGroup;
			children = (
				BD81B027218051E600C3DFD3 /* TNP3Tests.swift */,
				BD81B029218051E600C3DFD3 /* Info.plist */,
			);
			path = TNP3Tests;
			sourceTree = "<group>";
		};
		BD81B031218051E600C3DFD3 /* TNP3UITests */ = {
			isa = PBXGroup;
			children = (
				BD81B032218051E600C3DFD3 /* TNP3UITests.swift */,
				BD81B034218051E600C3DFD3 /* Info.plist */,
			);
			path = TNP3UITests;
			sourceTree = "<group>";
		};
/* End PBXGroup section */

/* Begin PBXNativeTarget section */
		BD81B00E218051E400C3DFD3 /* TNP3 */ = {
			isa = PBXNativeTarget;
			buildConfigurationList = BD81B037218051E600C3DFD3 /* Build configuration list for PBXNativeTarget "TNP3" */;
			buildPhases = (
				BD81B00B218051E400C3DFD3 /* Sources */,
				BD81B00C218051E400C3DFD3 /* Frameworks */,
				BD81B00D218051E400C3DFD3 /* Resources */,
			);
			buildRules = (
			);
			dependencies = (
			);
			name = TNP3;
			productName = TNP3;
			productReference = BD81B00F218051E400C3DFD3 /* TNP3.app */;
			productType = "com.apple.product-type.application";
		};
		BD81B022218051E600C3DFD3 /* TNP3Tests */ = {
			isa = PBXNativeTarget;
			buildConfigurationList = BD81B03A218051E600C3DFD3 /* Build configuration list for PBXNativeTarget "TNP3Tests" */;
			buildPhases = (
				BD81B01F218051E600C3DFD3 /* Sources */,
				BD81B020218051E600C3DFD3 /* Frameworks */,
				BD81B021218051E600C3DFD3 /* Resources */,
			);
			buildRules = (
			);
			dependencies = (
				BD81B025218051E600C3DFD3 /* PBXTargetDependency */,
			);
			name = TNP3Tests;
			productName = TNP3Tests;
			productReference = BD81B023218051E600C3DFD3 /* TNP3Tests.xctest */;
			productType = "com.apple.product-type.bundle.unit-test";
		};
		BD81B02D218051E600C3DFD3 /* TNP3UITests */ = {
			isa = PBXNativeTarget;
			buildConfigurationList = BD81B03D218051E600C3DFD3 /* Build configuration list for PBXNativeTarget "TNP3UITests" */;
			buildPhases = (
				BD81B02A218051E600C3DFD3 /* Sources */,
				BD81B02B218051E600C3DFD3 /* Frameworks */,
				BD81B02C218051E600C3DFD3 /* Resources */,
			);
			buildRules = (
			);
			dependencies = (
				BD81B030218051E600C3DFD3 /* PBXTargetDependency */,
			);
			name = TNP3UITests;
			productName = TNP3UITests;
			productReference = BD81B02E218051E600C3DFD3 /* TNP3UITests.xctest */;
			productType = "com.apple.product-type.bundle.ui-testing";
		};
/* End PBXNativeTarget section */

/* Begin PBXProject section */
		BD81B007218051E400C3DFD3 /* Project object */ = {
			isa = PBXProject;
			attributes = {
				LastSwiftUpdateCheck = 1000;
				LastUpgradeCheck = 1000;
				ORGANIZATIONNAME = "alisher toleberdyyev";
				TargetAttributes = {
					BD81B00E218051E400C3DFD3 = {
						CreatedOnToolsVersion = 10.0;
					};
					BD81B022218051E600C3DFD3 = {
						CreatedOnToolsVersion = 10.0;
						TestTargetID = BD81B00E218051E400C3DFD3;
					};
					BD81B02D218051E600C3DFD3 = {
						CreatedOnToolsVersion = 10.0;
						TestTargetID = BD81B00E218051E400C3DFD3;
					};
				};
			};
			buildConfigurationList = BD81B00A218051E400C3DFD3 /* Build configuration list for PBXProject "TNP3" */;
			compatibilityVersion = "Xcode 9.3";
			developmentRegion = en;
			hasScannedForEncodings = 0;
			knownRegions = (
				en,
				Base,
			);
			mainGroup = BD81B006218051E400C3DFD3;
			productRefGroup = BD81B010218051E400C3DFD3 /* Products */;
			projectDirPath = "";
			projectRoot = "";
			targets = (
				BD81B00E218051E400C3DFD3 /* TNP3 */,
				BD81B022218051E600C3DFD3 /* TNP3Tests */,
				BD81B02D218051E600C3DFD3 /* TNP3UITests */,
			);
		};
/* End PBXProject section */

/* Begin PBXResourcesBuildPhase section */
		BD81B00D218051E400C3DFD3 /* Resources */ = {
			isa = PBXResourcesBuildPhase;
			buildActionMask = 2147483647;
			files = (
				BD81B01D218051E600C3DFD3 /* LaunchScreen.storyboard in Resources */,
				BD81B01A218051E600C3DFD3 /* Assets.xcassets in Resources */,
				BD81B018218051E400C3DFD3 /* Main.storyboard in Resources */,
			);
			runOnlyForDeploymentPostprocessing = 0;
		};
		BD81B021218051E600C3DFD3 /* Resources */ = {
			isa = PBXResourcesBuildPhase;
			buildActionMask = 2147483647;
			files = (
			);
			runOnlyForDeploymentPostprocessing = 0;
		};
		BD81B02C218051E600C3DFD3 /* Resources */ = {
			isa = PBXResourcesBuildPhase;
			buildActionMask = 2147483647;
			files = (
			);
			runOnlyForDeploymentPostprocessing = 0;
		};
/* End PBXResourcesBuildPhase section */

/* Begin PBXSourcesBuildPhase section */
		BD81B00B218051E400C3DFD3 /* Sources */ = {
			isa = PBXSourcesBuildPhase;
			buildActionMask = 2147483647;
			files = (
				BD81B015218051E400C3DFD3 /* ViewController.swift in Sources */,
				BD81B013218051E400C3DFD3 /* AppDelegate.swift in Sources */,
			);
			runOnlyForDeploymentPostprocessing = 0;
		};
		BD81B01F218051E600C3DFD3 /* Sources */ = {
			isa = PBXSourcesBuildPhase;
			buildActionMask = 2147483647;
			files = (
				BD81B028218051E600C3DFD3 /* TNP3Tests.swift in Sources */,
			);
			runOnlyForDeploymentPostprocessing = 0;
		};
		BD81B02A218051E600C3DFD3 /* Sources */ = {
			isa = PBXSourcesBuildPhase;
			buildActionMask = 2147483647;
			files = (
				BD81B033218051E600C3DFD3 /* TNP3UITests.swift in Sources */,
			);
			runOnlyForDeploymentPostprocessing = 0;
		};
/* End PBXSourcesBuildPhase section */

/* Begin PBXTargetDependency section */
		BD81B025218051E600C3DFD3 /* PBXTargetDependency */ = {
			isa = PBXTargetDependency;
			target = BD81B00E218051E400C3DFD3 /* TNP3 */;
			targetProxy = BD81B024218051E600C3DFD3 /* PBXContainerItemProxy */;
		};
		BD81B030218051E600C3DFD3 /* PBXTargetDependency */ = {
			isa = PBXTargetDependency;
			target = BD81B00E218051E400C3DFD3 /* TNP3 */;
			targetProxy = BD81B02F218051E600C3DFD3 /* PBXContainerItemProxy */;
		};
/* End PBXTargetDependency section */

/* Begin PBXVariantGroup section */
		BD81B016218051E400C3DFD3 /* Main.storyboard */ = {
			isa = PBXVariantGroup;
			children = (
				BD81B017218051E400C3DFD3 /* Base */,
			);
			name = Main.storyboard;
			sourceTree = "<group>";
		};
		BD81B01B218051E600C3DFD3 /* LaunchScreen.storyboard */ = {
			isa = PBXVariantGroup;
			children = (
				BD81B01C218051E600C3DFD3 /* Base */,
			);
			name = LaunchScreen.storyboard;
			sourceTree = "<group>";
		};
/* End PBXVariantGroup section */

/* Begin XCBuildConfiguration section */
		BD81B035218051E600C3DFD3 /* Debug */ = {
			isa = XCBuildConfiguration;
			buildSettings = {
				ALWAYS_SEARCH_USER_PATHS = NO;
				CLANG_ANALYZER_NONNULL = YES;
				CLANG_ANALYZER_NUMBER_OBJECT_CONVERSION = YES_AGGRESSIVE;
				CLANG_CXX_LANGUAGE_STANDARD = "gnu++14";
				CLANG_CXX_LIBRARY = "libc++";
				CLANG_ENABLE_MODULES = YES;
				CLANG_ENABLE_OBJC_ARC = YES;
				CLANG_ENABLE_OBJC_WEAK = YES;
				CLANG_WARN_BLOCK_CAPTURE_AUTORELEASING = YES;
				CLANG_WARN_BOOL_CONVERSION = YES;
				CLANG_WARN_COMMA = YES;
				CLANG_WARN_CONSTANT_CONVERSION = YES;
				CLANG_WARN_DEPRECATED_OBJC_IMPLEMENTATIONS = YES;
				CLANG_WARN_DIRECT_OBJC_ISA_USAGE = YES_ERROR;
				CLANG_WARN_DOCUMENTATION_COMMENTS = YES;
				CLANG_WARN_EMPTY_BODY = YES;
				CLANG_WARN_ENUM_CONVERSION = YES;
				CLANG_WARN_INFINITE_RECURSION = YES;
				CLANG_WARN_INT_CONVERSION = YES;
				CLANG_WARN_NON_LITERAL_NULL_CONVERSION = YES;
				CLANG_WARN_OBJC_IMPLICIT_RETAIN_SELF = YES;
				CLANG_WARN_OBJC_LITERAL_CONVERSION = YES;
				CLANG_WARN_OBJC_ROOT_CLASS = YES_ERROR;
				CLANG_WARN_RANGE_LOOP_ANALYSIS = YES;
				CLANG_WARN_STRICT_PROTOTYPES = YES;
				CLANG_WARN_SUSPICIOUS_MOVE = YES;
				CLANG_WARN_UNGUARDED_AVAILABILITY = YES_AGGRESSIVE;
				CLANG_WARN_UNREACHABLE_CODE = YES;
				CLANG_WARN__DUPLICATE_METHOD_MATCH = YES;
				CODE_SIGN_IDENTITY = "iPhone Developer";
				COPY_PHASE_STRIP = NO;
				DEBUG_INFORMATION_FORMAT = dwarf;
				ENABLE_STRICT_OBJC_MSGSEND = YES;
				ENABLE_TESTABILITY = YES;
				GCC_C_LANGUAGE_STANDARD = gnu11;
				GCC_DYNAMIC_NO_PIC = NO;
				GCC_NO_COMMON_BLOCKS = YES;
				GCC_OPTIMIZATION_LEVEL = 0;
				GCC_PREPROCESSOR_DEFINITIONS = (
					"DEBUG=1",
					"$(inherited)",
				);
				GCC_WARN_64_TO_32_BIT_CONVERSION = YES;
				GCC_WARN_ABOUT_RETURN_TYPE = YES_ERROR;
				GCC_WARN_UNDECLARED_SELECTOR = YES;
				GCC_WARN_UNINITIALIZED_AUTOS = YES_AGGRESSIVE;
				GCC_WARN_UNUSED_FUNCTION = YES;
				GCC_WARN_UNUSED_VARIABLE = YES;
				IPHONEOS_DEPLOYMENT_TARGET = 12.0;
				MTL_ENABLE_DEBUG_INFO = INCLUDE_SOURCE;
				MTL_FAST_MATH = YES;
				ONLY_ACTIVE_ARCH = YES;
				SDKROOT = iphoneos;
				SWIFT_ACTIVE_COMPILATION_CONDITIONS = DEBUG;
				SWIFT_OPTIMIZATION_LEVEL = "-Onone";
			};
			name = Debug;
		};
		BD81B036218051E600C3DFD3 /* Release */ = {
			isa = XCBuildConfiguration;
			buildSettings = {
				ALWAYS_SEARCH_USER_PATHS = NO;
				CLANG_ANALYZER_NONNULL = YES;
				CLANG_ANALYZER_NUMBER_OBJECT_CONVERSION = YES_AGGRESSIVE;
				CLANG_CXX_LANGUAGE_STANDARD = "gnu++14";
				CLANG_CXX_LIBRARY = "libc++";
				CLANG_ENABLE_MODULES = YES;
				CLANG_ENABLE_OBJC_ARC = YES;
				CLANG_ENABLE_OBJC_WEAK = YES;
				CLANG_WARN_BLOCK_CAPTURE_AUTORELEASING = YES;
				CLANG_WARN_BOOL_CONVERSION = YES;
				CLANG_WARN_COMMA = YES;
				CLANG_WARN_CONSTANT_CONVERSION = YES;
				CLANG_WARN_DEPRECATED_OBJC_IMPLEMENTATIONS = YES;
				CLANG_WARN_DIRECT_OBJC_ISA_USAGE = YES_ERROR;
				CLANG_WARN_DOCUMENTATION_COMMENTS = YES;
				CLANG_WARN_EMPTY_BODY = YES;
				CLANG_WARN_ENUM_CONVERSION = YES;
				CLANG_WARN_INFINITE_RECURSION = YES;
				CLANG_WARN_INT_CONVERSION = YES;
				CLANG_WARN_NON_LITERAL_NULL_CONVERSION = YES;
				CLANG_WARN_OBJC_IMPLICIT_RETAIN_SELF = YES;
				CLANG_WARN_OBJC_LITERAL_CONVERSION = YES;
				CLANG_WARN_OBJC_ROOT_CLASS = YES_ERROR;
				CLANG_WARN_RANGE_LOOP_ANALYSIS = YES;
				CLANG_WARN_STRICT_PROTOTYPES = YES;
				CLANG_WARN_SUSPICIOUS_MOVE = YES;
				CLANG_WARN_UNGUARDED_AVAILABILITY = YES_AGGRESSIVE;
				CLANG_WARN_UNREACHABLE_CODE = YES;
				CLANG_WARN__DUPLICATE_METHOD_MATCH = YES;
				CODE_SIGN_IDENTITY = "iPhone Developer";
				COPY_PHASE_STRIP = NO;
				DEBUG_INFORMATION_FORMAT = "dwarf-with-dsym";
				ENABLE_NS_ASSERTIONS = NO;
				ENABLE_STRICT_OBJC_MSGSEND = YES;
				GCC_C_LANGUAGE_STANDARD = gnu11;
				GCC_NO_COMMON_BLOCKS = YES;
				GCC_WARN_64_TO_32_BIT_CONVERSION = YES;
				GCC_WARN_ABOUT_RETURN_TYPE = YES_ERROR;
				GCC_WARN_UNDECLARED_SELECTOR = YES;
				GCC_WARN_UNINITIALIZED_AUTOS = YES_AGGRESSIVE;
				GCC_WARN_UNUSED_FUNCTION = YES;
				GCC_WARN_UNUSED_VARIABLE = YES;
				IPHONEOS_DEPLOYMENT_TARGET = 12.0;
				MTL_ENABLE_DEBUG_INFO = NO;
				MTL_FAST_MATH = YES;
				SDKROOT = iphoneos;
				SWIFT_COMPILATION_MODE = wholemodule;
				SWIFT_OPTIMIZATION_LEVEL = "-O";
				VALIDATE_PRODUCT = YES;
			};
			name = Release;
		};
		BD81B038218051E600C3DFD3 /* Debug */ = {
			isa = XCBuildConfiguration;
			buildSettings = {
				ASSETCATALOG_COMPILER_APPICON_NAME = AppIcon;
				CODE_SIGN_STYLE = Automatic;
				INFOPLIST_FILE = TNP3/Info.plist;
				LD_RUNPATH_SEARCH_PATHS = (
					"$(inherited)",
					"@executable_path/Frameworks",
				);
				PRODUCT_BUNDLE_IDENTIFIER = alisher.TNP3;
				PRODUCT_NAME = "$(TARGET_NAME)";
				SWIFT_VERSION = 4.2;
				TARGETED_DEVICE_FAMILY = "1,2";
			};
			name = Debug;
		};
		BD81B039218051E600C3DFD3 /* Release */ = {
			isa = XCBuildConfiguration;
			buildSettings = {
				ASSETCATALOG_COMPILER_APPICON_NAME = AppIcon;
				CODE_SIGN_STYLE = Automatic;
				INFOPLIST_FILE = TNP3/Info.plist;
				LD_RUNPATH_SEARCH_PATHS = (
					"$(inherited)",
					"@executable_path/Frameworks",
				);
				PRODUCT_BUNDLE_IDENTIFIER = alisher.TNP3;
				PRODUCT_NAME = "$(TARGET_NAME)";
				SWIFT_VERSION = 4.2;
				TARGETED_DEVICE_FAMILY = "1,2";
			};
			name = Release;
		};
		BD81B03B218051E600C3DFD3 /* Debug */ = {
			isa = XCBuildConfiguration;
			buildSettings = {
				ALWAYS_EMBED_SWIFT_STANDARD_LIBRARIES = YES;
				BUNDLE_LOADER = "$(TEST_HOST)";
				CODE_SIGN_STYLE = Automatic;
				INFOPLIST_FILE = TNP3Tests/Info.plist;
				LD_RUNPATH_SEARCH_PATHS = (
					"$(inherited)",
					"@executable_path/Frameworks",
					"@loader_path/Frameworks",
				);
				PRODUCT_BUNDLE_IDENTIFIER = alisher.TNP3Tests;
				PRODUCT_NAME = "$(TARGET_NAME)";
				SWIFT_VERSION = 4.2;
				TARGETED_DEVICE_FAMILY = "1,2";
				TEST_HOST = "$(BUILT_PRODUCTS_DIR)/TNP3.app/TNP3";
			};
			name = Debug;
		};
		BD81B03C218051E600C3DFD3 /* Release */ = {
			isa = XCBuildConfiguration;
			buildSettings = {
				ALWAYS_EMBED_SWIFT_STANDARD_LIBRARIES = YES;
				BUNDLE_LOADER = "$(TEST_HOST)";
				CODE_SIGN_STYLE = Automatic;
				INFOPLIST_FILE = TNP3Tests/Info.plist;
				LD_RUNPATH_SEARCH_PATHS = (
					"$(inherited)",
					"@executable_path/Frameworks",
					"@loader_path/Frameworks",
				);
				PRODUCT_BUNDLE_IDENTIFIER = alisher.TNP3Tests;
				PRODUCT_NAME = "$(TARGET_NAME)";
				SWIFT_VERSION = 4.2;
				TARGETED_DEVICE_FAMILY = "1,2";
				TEST_HOST = "$(BUILT_PRODUCTS_DIR)/TNP3.app/TNP3";
			};
			name = Release;
		};
		BD81B03E218051E600C3DFD3 /* Debug */ = {
			isa = XCBuildConfiguration;
			buildSettings = {
				ALWAYS_EMBED_SWIFT_STANDARD_LIBRARIES = YES;
				CODE_SIGN_STYLE = Automatic;
				INFOPLIST_FILE = TNP3UITests/Info.plist;
				LD_RUNPATH_SEARCH_PATHS = (
					"$(inherited)",
					"@executable_path/Frameworks",
					"@loader_path/Frameworks",
				);
				PRODUCT_BUNDLE_IDENTIFIER = alisher.TNP3UITests;
				PRODUCT_NAME = "$(TARGET_NAME)";
				SWIFT_VERSION = 4.2;
				TARGETED_DEVICE_FAMILY = "1,2";
				TEST_TARGET_NAME = TNP3;
			};
			name = Debug;
		};
		BD81B03F218051E600C3DFD3 /* Release */ = {
			isa = XCBuildConfiguration;
			buildSettings = {
				ALWAYS_EMBED_SWIFT_STANDARD_LIBRARIES = YES;
				CODE_SIGN_STYLE = Automatic;
				INFOPLIST_FILE = TNP3UITests/Info.plist;
				LD_RUNPATH_SEARCH_PATHS = (
					"$(inherited)",
					"@executable_path/Frameworks",
					"@loader_path/Frameworks",
				);
				PRODUCT_BUNDLE_IDENTIFIER = alisher.TNP3UITests;
				PRODUCT_NAME = "$(TARGET_NAME)";
				SWIFT_VERSION = 4.2;
				TARGETED_DEVICE_FAMILY = "1,2";
				TEST_TARGET_NAME = TNP3;
			};
			name = Release;
		};
/* End XCBuildConfiguration section */

/* Begin XCConfigurationList section */
		BD81B00A218051E400C3DFD3 /* Build configuration list for PBXProject "TNP3" */ = {
			isa = XCConfigurationList;
			buildConfigurations = (
				BD81B035218051E600C3DFD3 /* Debug */,
				BD81B036218051E600C3DFD3 /* Release */,
			);
			defaultConfigurationIsVisible = 0;
			defaultConfigurationName = Release;
		};
		BD81B037218051E600C3DFD3 /* Build configuration list for PBXNativeTarget "TNP3" */ = {
			isa = XCConfigurationList;
			buildConfigurations = (
				BD81B038218051E600C3DFD3 /* Debug */,
				BD81B039218051E600C3DFD3 /* Release */,
			);
			defaultConfigurationIsVisible = 0;
			defaultConfigurationName = Release;
		};
		BD81B03A218051E600C3DFD3 /* Build configuration list for PBXNativeTarget "TNP3Tests" */ = {
			isa = XCConfigurationList;
			buildConfigurations = (
				BD81B03B218051E600C3DFD3 /* Debug */,
				BD81B03C218051E600C3DFD3 /* Release */,
			);
			defaultConfigurationIsVisible = 0;
			defaultConfigurationName = Release;
		};
		BD81B03D218051E600C3DFD3 /* Build configuration list for PBXNativeTarget "TNP3UITests" */ = {
			isa = XCConfigurationList;
			buildConfigurations = (
				BD81B03E218051E600C3DFD3 /* Debug */,
				BD81B03F218051E600C3DFD3 /* Release */,
			);
			defaultConfigurationIsVisible = 0;
			defaultConfigurationName = Release;
		};
/* End XCConfigurationList section */
	};
	rootObject = BD81B007218051E400C3DFD3 /* Project object */;
}
